
Microsoft Visual Studio Solution File, Format Version 12.00
# Visual Studio 2013
VisualStudioVersion = 12.0.30501.0
MinimumVisualStudioVersion = 10.0.40219.1
Project("{581633EB-B896-402F-8E60-36F3DA191C85}") = "ArtizEvi", "ArtizEvi\ArtizEvi.lsxtproj", "{89A659C5-2D7A-4354-850E-C6ADC6761749}"
EndProject
Project("{FAE04EC0-301F-11D3-BF4B-00C04F79EFBC}") = "ArtizEvi.Server", "ArtizEvi\ArtizEvi.Server\ArtizEvi.Server.csproj", "{FAC72B74-8B6B-4922-AFEF-ED77E937A0F3}"
EndProject
Project("{FAE04EC0-301F-11D3-BF4B-00C04F79EFBC}") = "ArtizEvi.DesktopClient", "ArtizEvi\ArtizEvi.DesktopClient\ArtizEvi.DesktopClient.csproj", "{233C63A1-EA37-4F36-8AD1-28E4018D124A}"
EndProject
Project("{2150E333-8FDC-42A3-9474-1A3956D46DE8}") = "Images", "Images", "{259D2FB2-6036-4019-B6F6-5E0CF6C71821}"
	ProjectSection(SolutionItems) = preProject
		ArtizEvi\ArtizEvi.DesktopClient\Images\people.jpg = ArtizEvi\ArtizEvi.DesktopClient\Images\people.jpg
	EndProjectSection
EndProject
Global
	GlobalSection(SolutionConfigurationPlatforms) = preSolution
		Debug|Any CPU = Debug|Any CPU
		Release|Any CPU = Release|Any CPU
	EndGlobalSection
	GlobalSection(ProjectConfigurationPlatforms) = postSolution
		{89A659C5-2D7A-4354-850E-C6ADC6761749}.Debug|Any CPU.ActiveCfg = Debug|Any CPU
		{89A659C5-2D7A-4354-850E-C6ADC6761749}.Debug|Any CPU.Build.0 = Debug|Any CPU
		{89A659C5-2D7A-4354-850E-C6ADC6761749}.Release|Any CPU.ActiveCfg = Release|Any CPU
		{89A659C5-2D7A-4354-850E-C6ADC6761749}.Release|Any CPU.Build.0 = Release|Any CPU
		{FAC72B74-8B6B-4922-AFEF-ED77E937A0F3}.Debug|Any CPU.ActiveCfg = Debug|Any CPU
		{FAC72B74-8B6B-4922-AFEF-ED77E937A0F3}.Debug|Any CPU.Build.0 = Debug|Any CPU
		{FAC72B74-8B6B-4922-AFEF-ED77E937A0F3}.Release|Any CPU.ActiveCfg = Release|Any CPU
		{FAC72B74-8B6B-4922-AFEF-ED77E937A0F3}.Release|Any CPU.Build.0 = Release|Any CPU
		{233C63A1-EA37-4F36-8AD1-28E4018D124A}.Debug|Any CPU.ActiveCfg = Debug|Any CPU
		{233C63A1-EA37-4F36-8AD1-28E4018D124A}.Debug|Any CPU.Build.0 = Debug|Any CPU
		{233C63A1-EA37-4F36-8AD1-28E4018D124A}.Release|Any CPU.ActiveCfg = Release|Any CPU
		{233C63A1-EA37-4F36-8AD1-28E4018D124A}.Release|Any CPU.Build.0 = Release|Any CPU
	EndGlobalSection
	GlobalSection(SolutionProperties) = preSolution
		HideSolutionNode = FALSE
	EndGlobalSection
EndGlobal
